
Microsoft Visual Studio Solution File, Format Version 12.00
# Visual Studio 2012
Project("{FAE04EC0-301F-11D3-BF4B-00C04F79EFBC}") = "ZhongDing.Web", "ZhongDing.Web\ZhongDing.Web.csproj", "{F1FAA590-258F-4587-ABF2-827A79B0D722}"
EndProject
Project("{FAE04EC0-301F-11D3-BF4B-00C04F79EFBC}") = "ZhongDing.Common", "ZhongDing.Common\ZhongDing.Common.csproj", "{2D899074-1674-4173-BB81-471CD83F7547}"
EndProject
Project("{FAE04EC0-301F-11D3-BF4B-00C04F79EFBC}") = "ZhongDing.Domain", "ZhongDing.Domain\ZhongDing.Domain.csproj", "{ACEEAC6F-29EB-469F-B4F5-4ED9E7B2FC32}"
EndProject
Project("{FAE04EC0-301F-11D3-BF4B-00C04F79EFBC}") = "ZhongDing.Business", "ZhongDing.Business\ZhongDing.Business.csproj", "{50A7F541-C879-41B4-BAF9-64F7BBBC9D8E}"
EndProject
Project("{00D1A9C2-B5F0-4AF3-8072-F6C62B433612}") = "ZhongDing.Database", "ZhongDing.Database\ZhongDing.Database.sqlproj", "{3FE11A11-F396-45D5-986C-75608B6B4C6A}"
EndProject
Project("{2150E333-8FDC-42A3-9474-1A3956D46DE8}") = ".nuget", ".nuget", "{894BE1B1-7F88-4142-93DD-E0E4FB7AD92E}"
	ProjectSection(SolutionItems) = preProject
		.nuget\NuGet.Config = .nuget\NuGet.Config
		.nuget\NuGet.exe = .nuget\NuGet.exe
		.nuget\NuGet.targets = .nuget\NuGet.targets
	EndProjectSection
EndProject
Project("{2150E333-8FDC-42A3-9474-1A3956D46DE8}") = "Solution Items", "Solution Items", "{CACB133B-D495-4105-AE22-E3269FFF7001}"
	ProjectSection(SolutionItems) = preProject
		ZhongDingRuleSet.ruleset = ZhongDingRuleSet.ruleset
	EndProjectSection
EndProject
Global
	GlobalSection(SolutionConfigurationPlatforms) = preSolution
		Debug|Any CPU = Debug|Any CPU
		Release|Any CPU = Release|Any CPU
	EndGlobalSection
	GlobalSection(ProjectConfigurationPlatforms) = postSolution
		{F1FAA590-258F-4587-ABF2-827A79B0D722}.Debug|Any CPU.ActiveCfg = Debug|Any CPU
		{F1FAA590-258F-4587-ABF2-827A79B0D722}.Debug|Any CPU.Build.0 = Debug|Any CPU
		{F1FAA590-258F-4587-ABF2-827A79B0D722}.Release|Any CPU.ActiveCfg = Release|Any CPU
		{F1FAA590-258F-4587-ABF2-827A79B0D722}.Release|Any CPU.Build.0 = Release|Any CPU
		{2D899074-1674-4173-BB81-471CD83F7547}.Debug|Any CPU.ActiveCfg = Debug|Any CPU
		{2D899074-1674-4173-BB81-471CD83F7547}.Debug|Any CPU.Build.0 = Debug|Any CPU
		{2D899074-1674-4173-BB81-471CD83F7547}.Release|Any CPU.ActiveCfg = Release|Any CPU
		{2D899074-1674-4173-BB81-471CD83F7547}.Release|Any CPU.Build.0 = Release|Any CPU
		{ACEEAC6F-29EB-469F-B4F5-4ED9E7B2FC32}.Debug|Any CPU.ActiveCfg = Debug|Any CPU
		{ACEEAC6F-29EB-469F-B4F5-4ED9E7B2FC32}.Debug|Any CPU.Build.0 = Debug|Any CPU
		{ACEEAC6F-29EB-469F-B4F5-4ED9E7B2FC32}.Release|Any CPU.ActiveCfg = Release|Any CPU
		{ACEEAC6F-29EB-469F-B4F5-4ED9E7B2FC32}.Release|Any CPU.Build.0 = Release|Any CPU
		{50A7F541-C879-41B4-BAF9-64F7BBBC9D8E}.Debug|Any CPU.ActiveCfg = Debug|Any CPU
		{50A7F541-C879-41B4-BAF9-64F7BBBC9D8E}.Debug|Any CPU.Build.0 = Debug|Any CPU
		{50A7F541-C879-41B4-BAF9-64F7BBBC9D8E}.Release|Any CPU.ActiveCfg = Release|Any CPU
		{50A7F541-C879-41B4-BAF9-64F7BBBC9D8E}.Release|Any CPU.Build.0 = Release|Any CPU
		{3FE11A11-F396-45D5-986C-75608B6B4C6A}.Debug|Any CPU.ActiveCfg = Debug|Any CPU
		{3FE11A11-F396-45D5-986C-75608B6B4C6A}.Debug|Any CPU.Build.0 = Debug|Any CPU
		{3FE11A11-F396-45D5-986C-75608B6B4C6A}.Debug|Any CPU.Deploy.0 = Debug|Any CPU
		{3FE11A11-F396-45D5-986C-75608B6B4C6A}.Release|Any CPU.ActiveCfg = Release|Any CPU
		{3FE11A11-F396-45D5-986C-75608B6B4C6A}.Release|Any CPU.Build.0 = Release|Any CPU
		{3FE11A11-F396-45D5-986C-75608B6B4C6A}.Release|Any CPU.Deploy.0 = Release|Any CPU
	EndGlobalSection
	GlobalSection(SolutionProperties) = preSolution
		HideSolutionNode = FALSE
	EndGlobalSection
	GlobalSection(ExtensibilityGlobals) = postSolution
		EnterpriseLibraryConfigurationToolBinariesPathV6 = packages\EnterpriseLibrary.Common.6.0.1304.0\lib\NET45;packages\EnterpriseLibrary.Logging.6.0.1304.0\lib\NET45;packages\EnterpriseLibrary.ExceptionHandling.6.0.1304.0\lib\NET45;packages\EnterpriseLibrary.ExceptionHandling.Logging.6.0.1304.0\lib\NET45
	EndGlobalSection
EndGlobal
